
Microsoft Visual Studio Solution File, Format Version 12.00
# Visual Studio Version 17
VisualStudioVersion = 17.0.31903.59
MinimumVisualStudioVersion = 10.0.40219.1
Project("{FAE04EC0-301F-11D3-BF4B-00C04F79EFBC}") = "PokeApi", "PokeApi\PokeApi.csproj", "{4EBB99BB-3C21-445E-8D61-2F3221A5BB5B}"
EndProject
Global
	GlobalSection(SolutionConfigurationPlatforms) = preSolution
		Debug|Any CPU = Debug|Any CPU
		Release|Any CPU = Release|Any CPU
	EndGlobalSection
	GlobalSection(SolutionProperties) = preSolution
		HideSolutionNode = FALSE
	EndGlobalSection
	GlobalSection(ProjectConfigurationPlatforms) = postSolution
		{4EBB99BB-3C21-445E-8D61-2F3221A5BB5B}.Debug|Any CPU.ActiveCfg = Debug|Any CPU
		{4EBB99BB-3C21-445E-8D61-2F3221A5BB5B}.Debug|Any CPU.Build.0 = Debug|Any CPU
		{4EBB99BB-3C21-445E-8D61-2F3221A5BB5B}.Release|Any CPU.ActiveCfg = Release|Any CPU
		{4EBB99BB-3C21-445E-8D61-2F3221A5BB5B}.Release|Any CPU.Build.0 = Release|Any CPU
	EndGlobalSection
EndGlobal
